# This file is automatically @generated by Cargo.
# It is not intended for manual editing.
[[package]]
name = "chip8"
version = "0.1.0"
dependencies = [
 "chip8-core 0.1.0",
 "chip8-disasm 0.1.0",
]

[[package]]
name = "chip8-core"
version = "0.1.0"

[[package]]
name = "chip8-disasm"
version = "0.1.0"
dependencies = [
 "chip8-core 0.1.0",
]

